PODS:
  - Flutter (1.0.0)
  - serious_python_darwin (4.0.0):
    - Flutter
    - FlutterMacOS

DEPENDENCIES:
  - Flutter (from `Flutter`)
  - serious_python_darwin (from `.symlinks/plugins/serious_python_darwin/darwin`)

EXTERNAL SOURCES:
  Flutter:
    :path: Flutter
  serious_python_darwin:
    :path: ".symlinks/plugins/serious_python_darwin/darwin"

SPEC CHECKSUMS:
  Flutter: cabc95a1d2626b1b06e7179b784ebcf0c0cde467
  serious_python_darwin: 4858dfeb2d3d99e30a645bc25851c8f702db1890

PODFILE CHECKSUM: 4f1c12611da7338d21589c0b2ecd6bd20b109694

COCOAPODS: 1.14.3
